{
  "name": "mcp-sandbox-computer-vm-for-ai-release-tools",
  "version": "0.2.2",
  "lockfileVersion": 3,
  "requires": true,
  "packages": {
    "": {
      "name": "mcp-sandbox-computer-vm-for-ai-release-tools",
      "version": "0.2.2",
      "engines": {
        "node": ">=20"
      }
    }
  }
}
